
Microsoft Visual Studio Solution File, Format Version 11.00
# Visual Studio 2010
Project("{8BC9CEB8-8B4A-11D0-8D11-00A0C91BC942}") = "MAT557_Project_1", "MAT557_Project_1\MAT557_Project_1.vcxproj", "{41EF829D-F0F5-4AB3-9ADD-B944ED167750}"
EndProject
Global
	GlobalSection(SolutionConfigurationPlatforms) = preSolution
		Debug|Win32 = Debug|Win32
		Release|Win32 = Release|Win32
	EndGlobalSection
	GlobalSection(ProjectConfigurationPlatforms) = postSolution
		{41EF829D-F0F5-4AB3-9ADD-B944ED167750}.Debug|Win32.ActiveCfg = Debug|Win32
		{41EF829D-F0F5-4AB3-9ADD-B944ED167750}.Debug|Win32.Build.0 = Debug|Win32
		{41EF829D-F0F5-4AB3-9ADD-B944ED167750}.Release|Win32.ActiveCfg = Release|Win32
		{41EF829D-F0F5-4AB3-9ADD-B944ED167750}.Release|Win32.Build.0 = Release|Win32
	EndGlobalSection
	GlobalSection(SolutionProperties) = preSolution
		HideSolutionNode = FALSE
	EndGlobalSection
EndGlobal
