<?xml version="1.0" encoding="utf-8"?>
<Project ToolsVersion="4.0" xmlns="http://schemas.microsoft.com/developer/msbuild/2003">
  <ItemGroup>
    <Filter Include="Source Files">
      <UniqueIdentifier>{4FC737F1-C7A5-4376-A066-2A32D752A2FF}</UniqueIdentifier>
      <Extensions>cpp;c;cc;cxx;def;odl;idl;hpj;bat;asm;asmx</Extensions>
    </Filter>
    <Filter Include="Header Files">
      <UniqueIdentifier>{93995380-89BD-4b04-88EB-625FBE52EBFB}</UniqueIdentifier>
      <Extensions>h;hpp;hxx;hm;inl;inc;xsd</Extensions>
    </Filter>
    <Filter Include="Resource Files">
      <UniqueIdentifier>{67DA6AB6-F800-4c08-8B7A-83BB121AAD01}</UniqueIdentifier>
      <Extensions>rc;ico;cur;bmp;dlg;rc2;rct;bin;rgs;gif;jpg;jpeg;jpe;resx;tiff;tif;png;wav;mfcribbon-ms</Extensions>
    </Filter>
    <Filter Include="Source Files\os">
      <UniqueIdentifier>{ad39f2f3-db2d-40d4-9826-2ce00625080b}</UniqueIdentifier>
    </Filter>
    <Filter Include="Source Files\debugTools">
      <UniqueIdentifier>{011f18b0-db58-4ddd-ae99-db4480ddf8f2}</UniqueIdentifier>
    </Filter>
    <Filter Include="Source Files\message">
      <UniqueIdentifier>{40bf9e47-7863-46e0-aae5-ab169e628ba3}</UniqueIdentifier>
    </Filter>
    <Filter Include="Source Files\networking">
      <UniqueIdentifier>{6f74289a-06d9-4a4e-bf1d-d4ff7ff2f82b}</UniqueIdentifier>
    </Filter>
    <Filter Include="Source Files\threading">
      <UniqueIdentifier>{8e841875-b473-49a2-8167-9c6bb40e7376}</UniqueIdentifier>
    </Filter>
    <Filter Include="Source Files\utility">
      <UniqueIdentifier>{1cebc779-2e4e-451e-aa7e-19fea47f58e4}</UniqueIdentifier>
    </Filter>
    <Filter Include="Source Files\server">
      <UniqueIdentifier>{0c8e7d7e-66c7-490f-b339-3154b3f9d2f6}</UniqueIdentifier>
    </Filter>
  </ItemGroup>
  <ItemGroup>
    <ClCompile Include="Main_Server.cpp">
      <Filter>Source Files</Filter>
    </ClCompile>
    <ClCompile Include="..\debugTools\Assert.cpp">
      <Filter>Source Files\debugTools</Filter>
    </ClCompile>
    <ClCompile Include="..\debugTools\Context.cpp">
      <Filter>Source Files\debugTools</Filter>
    </ClCompile>
    <ClCompile Include="..\debugTools\DebugPrint.cpp">
      <Filter>Source Files\debugTools</Filter>
    </ClCompile>
    <ClCompile Include="..\debugTools\DebugTools.cpp">
      <Filter>Source Files\debugTools</Filter>
    </ClCompile>
    <ClCompile Include="..\debugTools\InputConsole.cpp">
      <Filter>Source Files\debugTools</Filter>
    </ClCompile>
    <ClCompile Include="..\debugTools\Logger.cpp">
      <Filter>Source Files\debugTools</Filter>
    </ClCompile>
    <ClCompile Include="..\debugTools\MsgBufferStatic.cpp">
      <Filter>Source Files\debugTools</Filter>
    </ClCompile>
    <ClCompile Include="..\debugTools\OutputConsole.cpp">
      <Filter>Source Files\debugTools</Filter>
    </ClCompile>
    <ClCompile Include="..\message\Message.cpp">
      <Filter>Source Files\message</Filter>
    </ClCompile>
    <ClCompile Include="..\networking\TCPConnection.cpp">
      <Filter>Source Files\networking</Filter>
    </ClCompile>
    <ClCompile Include="..\utility\Utility.cpp">
      <Filter>Source Files\utility</Filter>
    </ClCompile>
    <ClCompile Include="..\threading\MsgQueue.cpp">
      <Filter>Source Files\threading</Filter>
    </ClCompile>
    <ClCompile Include="..\threading\Thread.cpp">
      <Filter>Source Files\threading</Filter>
    </ClCompile>
    <ClCompile Include="..\threading\ThreadManager.cpp">
      <Filter>Source Files\threading</Filter>
    </ClCompile>
    <ClCompile Include="server\Server.cpp">
      <Filter>Source Files\server</Filter>
    </ClCompile>
    <ClCompile Include="..\utility\FileData.cpp">
      <Filter>Source Files\utility</Filter>
    </ClCompile>
    <ClCompile Include="server\User.cpp">
      <Filter>Source Files\server</Filter>
    </ClCompile>
  </ItemGroup>
  <ItemGroup>
    <ClInclude Include="..\os\WindowsIncludes.h">
      <Filter>Source Files\os</Filter>
    </ClInclude>
    <ClInclude Include="..\debugTools\Assert.h">
      <Filter>Source Files\debugTools</Filter>
    </ClInclude>
    <ClInclude Include="..\debugTools\Context.h">
      <Filter>Source Files\debugTools</Filter>
    </ClInclude>
    <ClInclude Include="..\debugTools\DebugInit.h">
      <Filter>Source Files\debugTools</Filter>
    </ClInclude>
    <ClInclude Include="..\debugTools\DebugPrint.h">
      <Filter>Source Files\debugTools</Filter>
    </ClInclude>
    <ClInclude Include="..\debugTools\DebugTools.h">
      <Filter>Source Files\debugTools</Filter>
    </ClInclude>
    <ClInclude Include="..\debugTools\InputConsole.h">
      <Filter>Source Files\debugTools</Filter>
    </ClInclude>
    <ClInclude Include="..\debugTools\Logger.h">
      <Filter>Source Files\debugTools</Filter>
    </ClInclude>
    <ClInclude Include="..\debugTools\MsgBuffer.h">
      <Filter>Source Files\debugTools</Filter>
    </ClInclude>
    <ClInclude Include="..\debugTools\MsgBufferStatic.h">
      <Filter>Source Files\debugTools</Filter>
    </ClInclude>
    <ClInclude Include="..\debugTools\OutputConsole.h">
      <Filter>Source Files\debugTools</Filter>
    </ClInclude>
    <ClInclude Include="..\message\Message.h">
      <Filter>Source Files\message</Filter>
    </ClInclude>
    <ClInclude Include="..\message\MsgNames.h">
      <Filter>Source Files\message</Filter>
    </ClInclude>
    <ClInclude Include="..\networking\TCPConnection.h">
      <Filter>Source Files\networking</Filter>
    </ClInclude>
    <ClInclude Include="..\utility\Utility.h">
      <Filter>Source Files\utility</Filter>
    </ClInclude>
    <ClInclude Include="..\threading\MsgQueue.h">
      <Filter>Source Files\threading</Filter>
    </ClInclude>
    <ClInclude Include="..\threading\Thread.h">
      <Filter>Source Files\threading</Filter>
    </ClInclude>
    <ClInclude Include="..\threading\ThreadManager.h">
      <Filter>Source Files\threading</Filter>
    </ClInclude>
    <ClInclude Include="server\Server.h">
      <Filter>Source Files\server</Filter>
    </ClInclude>
    <ClInclude Include="..\utility\FileData.h">
      <Filter>Source Files\utility</Filter>
    </ClInclude>
    <ClInclude Include="server\User.h">
      <Filter>Source Files\server</Filter>
    </ClInclude>
    <ClInclude Include="..\Client\client\CommandCodes.h">
      <Filter>Source Files\server</Filter>
    </ClInclude>
  </ItemGroup>
</Project>