
Microsoft Visual Studio Solution File, Format Version 11.00
# Visual Studio 2010
Project("{8BC9CEB8-8B4A-11D0-8D11-00A0C91BC942}") = "Project_2", "Project_2\Project_2.vcxproj", "{FACF3B11-3DDB-41ED-8991-E376CF1FF88F}"
EndProject
Global
	GlobalSection(SolutionConfigurationPlatforms) = preSolution
		Debug|Win32 = Debug|Win32
		Release|Win32 = Release|Win32
	EndGlobalSection
	GlobalSection(ProjectConfigurationPlatforms) = postSolution
		{FACF3B11-3DDB-41ED-8991-E376CF1FF88F}.Debug|Win32.ActiveCfg = Debug|Win32
		{FACF3B11-3DDB-41ED-8991-E376CF1FF88F}.Debug|Win32.Build.0 = Debug|Win32
		{FACF3B11-3DDB-41ED-8991-E376CF1FF88F}.Release|Win32.ActiveCfg = Release|Win32
		{FACF3B11-3DDB-41ED-8991-E376CF1FF88F}.Release|Win32.Build.0 = Release|Win32
	EndGlobalSection
	GlobalSection(SolutionProperties) = preSolution
		HideSolutionNode = FALSE
	EndGlobalSection
EndGlobal
