
Microsoft Visual Studio Solution File, Format Version 11.00
# Visual Studio 2010
Project("{8BC9CEB8-8B4A-11D0-8D11-00A0C91BC942}") = "MemoryProject", "MemoryProject.vcxproj", "{CA9FE91E-FAFA-4CFC-A834-4BC8CAAA5290}"
EndProject
Project("{2150E333-8FDC-42A3-9474-1A3956D46DE8}") = "Solution Items", "Solution Items", "{7ADB8645-80DD-4529-A8A0-F955991624EF}"
	ProjectSection(SolutionItems) = preProject
		README.txt = README.txt
	EndProjectSection
EndProject
Global
	GlobalSection(SolutionConfigurationPlatforms) = preSolution
		Debug|Win32 = Debug|Win32
		Release|Win32 = Release|Win32
	EndGlobalSection
	GlobalSection(ProjectConfigurationPlatforms) = postSolution
		{CA9FE91E-FAFA-4CFC-A834-4BC8CAAA5290}.Debug|Win32.ActiveCfg = Debug|Win32
		{CA9FE91E-FAFA-4CFC-A834-4BC8CAAA5290}.Debug|Win32.Build.0 = Debug|Win32
		{CA9FE91E-FAFA-4CFC-A834-4BC8CAAA5290}.Release|Win32.ActiveCfg = Release|Win32
		{CA9FE91E-FAFA-4CFC-A834-4BC8CAAA5290}.Release|Win32.Build.0 = Release|Win32
	EndGlobalSection
	GlobalSection(SolutionProperties) = preSolution
		HideSolutionNode = FALSE
	EndGlobalSection
EndGlobal
