<?xml version="1.0" encoding="utf-8"?>
<Project ToolsVersion="4.0" xmlns="http://schemas.microsoft.com/developer/msbuild/2003">
  <ItemGroup>
    <Filter Include="10_Utility">
      <UniqueIdentifier>{dbf237ba-b0e3-471c-b25e-774a37321792}</UniqueIdentifier>
    </Filter>
    <Filter Include="00_BaseEngine">
      <UniqueIdentifier>{93995380-89BD-4b04-88EB-625FBE52EBFB}</UniqueIdentifier>
      <Extensions>h;hpp;hxx;hm;inl;inc;xsd</Extensions>
    </Filter>
    <Filter Include="00_BaseEngine\Factory">
      <UniqueIdentifier>{0af72e60-de13-47fd-a5e1-1017105f3cd9}</UniqueIdentifier>
    </Filter>
    <Filter Include="00_BaseEngine\Composition">
      <UniqueIdentifier>{a7dba8e0-0fd8-4fa7-9613-f29a30de89c8}</UniqueIdentifier>
    </Filter>
    <Filter Include="00_BaseEngine\Headers">
      <UniqueIdentifier>{7bef87bf-b547-4dba-979a-adf2d22820db}</UniqueIdentifier>
    </Filter>
    <Filter Include="00_BaseEngine\File">
      <UniqueIdentifier>{aa57226c-db28-40b0-8e4f-e966cb06514d}</UniqueIdentifier>
    </Filter>
    <Filter Include="00_BaseEngine\Serialization">
      <UniqueIdentifier>{4a7e84df-f8a5-4078-9429-0a9750211162}</UniqueIdentifier>
    </Filter>
    <Filter Include="00_BaseEngine\Serialization\RapidXML">
      <UniqueIdentifier>{ec9547c0-b641-42db-8f31-efc0a3bf6192}</UniqueIdentifier>
    </Filter>
    <Filter Include="00_BaseEngine\Engine">
      <UniqueIdentifier>{ccce5645-1581-4759-880a-3a62b7e497be}</UniqueIdentifier>
    </Filter>
    <Filter Include="00_BaseEngine\Core">
      <UniqueIdentifier>{704d4474-ffcd-413a-aba5-ce7fb93aa0fa}</UniqueIdentifier>
    </Filter>
    <Filter Include="01_Systems">
      <UniqueIdentifier>{0f12c8ff-5932-4c5f-86b7-a66f2c817159}</UniqueIdentifier>
    </Filter>
    <Filter Include="01_Systems\Graphics">
      <UniqueIdentifier>{45915576-b611-40ff-a7a2-3edd5edee1c0}</UniqueIdentifier>
    </Filter>
    <Filter Include="01_Systems\Graphics\System">
      <UniqueIdentifier>{d1acea69-6903-4682-8b19-0fbb175e2aa2}</UniqueIdentifier>
    </Filter>
    <Filter Include="01_Systems\Physics">
      <UniqueIdentifier>{e1bd7215-2044-4cc5-8a0c-babf0905569d}</UniqueIdentifier>
    </Filter>
    <Filter Include="01_Systems\Physics\Dynamics">
      <UniqueIdentifier>{473c2692-accf-4b9f-a10b-e14a39c9d99e}</UniqueIdentifier>
    </Filter>
    <Filter Include="01_Systems\Physics\System">
      <UniqueIdentifier>{db3ac90a-3b21-418f-90e1-ded5da255be9}</UniqueIdentifier>
    </Filter>
    <Filter Include="01_Systems\Physics\Collision">
      <UniqueIdentifier>{31a5ed66-d1d7-4f0d-bb79-000d554144e2}</UniqueIdentifier>
    </Filter>
    <Filter Include="01_Systems\Windows">
      <UniqueIdentifier>{870d5bf9-68c7-4077-aba8-2bd27f85c1fa}</UniqueIdentifier>
    </Filter>
    <Filter Include="01_Systems\Sound">
      <UniqueIdentifier>{95eb4883-9776-4d11-9958-c561459621e9}</UniqueIdentifier>
    </Filter>
    <Filter Include="02_GameLogic">
      <UniqueIdentifier>{9eb82ddb-3604-4b17-a8a0-4ccf2bb2c690}</UniqueIdentifier>
    </Filter>
    <Filter Include="03_Levels">
      <UniqueIdentifier>{f869f90e-9578-4412-87be-1038551dcc2f}</UniqueIdentifier>
    </Filter>
    <Filter Include="07_Precompiled">
      <UniqueIdentifier>{4a658feb-0655-4664-81bf-c9ce0f592a6f}</UniqueIdentifier>
    </Filter>
    <Filter Include="08_Main">
      <UniqueIdentifier>{4FC737F1-C7A5-4376-A066-2A32D752A2FF}</UniqueIdentifier>
      <Extensions>cpp;c;cxx;def;odl;idl;hpj;bat;asm;asmx</Extensions>
    </Filter>
    <Filter Include="09_Objects">
      <UniqueIdentifier>{e38dd620-87e5-4d0d-9e54-6037cfea4f27}</UniqueIdentifier>
    </Filter>
    <Filter Include="00_BaseEngine\Debug">
      <UniqueIdentifier>{ab34a803-db07-42bb-a634-cb85f9d29647}</UniqueIdentifier>
    </Filter>
    <Filter Include="11_LuaScripts">
      <UniqueIdentifier>{2040f59e-edbb-4a7b-b73a-ae57050f91f6}</UniqueIdentifier>
    </Filter>
    <Filter Include="01_Systems\Graphics\Model">
      <UniqueIdentifier>{1f177e8c-70cf-4a09-ba9f-9471ce83ccfe}</UniqueIdentifier>
    </Filter>
    <Filter Include="01_Systems\Graphics\Bitmap">
      <UniqueIdentifier>{469364d2-e8c9-4c9b-8561-d8a04e7219e1}</UniqueIdentifier>
    </Filter>
    <Filter Include="01_Systems\Graphics\Frustum Culling">
      <UniqueIdentifier>{c91bfc7e-d277-470a-bcf8-4f6b16f367d3}</UniqueIdentifier>
    </Filter>
    <Filter Include="01_Systems\Graphics\DrawLine">
      <UniqueIdentifier>{a1829601-0d3d-4f13-ab83-6e4b3e081ced}</UniqueIdentifier>
    </Filter>
    <Filter Include="01_Systems\Graphics\Multitexturing">
      <UniqueIdentifier>{c6883263-0aa3-45de-823d-391f8136b188}</UniqueIdentifier>
    </Filter>
    <Filter Include="01_Systems\Physics\math">
      <UniqueIdentifier>{9b6936e2-0ed2-4bfb-8ffa-7b625199983d}</UniqueIdentifier>
    </Filter>
    <Filter Include="01_Systems\Physics\math\header files">
      <UniqueIdentifier>{fd004a87-3a3b-41bf-8eba-f6c352da868f}</UniqueIdentifier>
    </Filter>
    <Filter Include="01_Systems\Physics\math\source files">
      <UniqueIdentifier>{11673ff1-e422-4c8f-8697-33536bc09ae2}</UniqueIdentifier>
    </Filter>
    <Filter Include="01_Systems\Physics\Particle Physics">
      <UniqueIdentifier>{f9a74404-c67d-446f-b140-47c3fb8050d3}</UniqueIdentifier>
    </Filter>
    <Filter Include="01_Systems\Physics\Rigid Body Physics">
      <UniqueIdentifier>{ed530cc5-9a59-4b94-aaa4-ba0e61668954}</UniqueIdentifier>
    </Filter>
    <Filter Include="01_Systems\Physics\Rigid Body Physics\header files">
      <UniqueIdentifier>{ac90f4a2-52c6-4a49-8663-d6cf37200dc1}</UniqueIdentifier>
    </Filter>
    <Filter Include="01_Systems\Physics\Rigid Body Physics\Source files">
      <UniqueIdentifier>{6ffbaa0e-18af-4a35-8685-738ee1a0404d}</UniqueIdentifier>
    </Filter>
    <Filter Include="01_Systems\Physics\Particle Physics\header files">
      <UniqueIdentifier>{39673310-4bd8-4932-b885-6c210a803c62}</UniqueIdentifier>
    </Filter>
    <Filter Include="01_Systems\Physics\Particle Physics\source files">
      <UniqueIdentifier>{5cb7e37d-9a90-4617-875e-18b8005ec748}</UniqueIdentifier>
    </Filter>
    <Filter Include="01_Systems\Graphics\Transform">
      <UniqueIdentifier>{1ab5f843-f3e6-42e1-a3a9-a8206afaa8b7}</UniqueIdentifier>
    </Filter>
    <Filter Include="01_Systems\Graphics\Light Maps">
      <UniqueIdentifier>{ec4f6bcb-102f-46f9-b78b-73c8caf4cf0e}</UniqueIdentifier>
    </Filter>
    <Filter Include="01_Systems\Graphics\Alpha Blending">
      <UniqueIdentifier>{ac45c2da-4882-4ac5-8451-3453c81511a3}</UniqueIdentifier>
    </Filter>
    <Filter Include="01_Systems\Graphics\Bump Maps">
      <UniqueIdentifier>{e8c53184-0c92-412f-9235-5c154a953aa1}</UniqueIdentifier>
    </Filter>
    <Filter Include="01_Systems\Graphics\Header">
      <UniqueIdentifier>{dc2e8f62-afb7-4d1e-9bde-70bf11082682}</UniqueIdentifier>
    </Filter>
    <Filter Include="01_Systems\Graphics\Animation">
      <UniqueIdentifier>{2acae7cf-ad15-42ac-a1b9-8d2dda834b84}</UniqueIdentifier>
    </Filter>
    <Filter Include="04_Common">
      <UniqueIdentifier>{2a3b36a3-ef20-4ff1-9449-ef8998265ea0}</UniqueIdentifier>
    </Filter>
    <Filter Include="01_Systems\Graphics\Specular Maps">
      <UniqueIdentifier>{212afbc7-f540-4037-b2a9-512402a83c09}</UniqueIdentifier>
    </Filter>
    <Filter Include="01_Systems\Graphics\Render to Texture">
      <UniqueIdentifier>{93e4e91c-ef95-4685-9a73-9e479644e7ad}</UniqueIdentifier>
    </Filter>
    <Filter Include="01_Systems\Graphics\GraphicsAssetsLoader">
      <UniqueIdentifier>{61c99080-cb6e-457e-8f3d-41fc733ca508}</UniqueIdentifier>
    </Filter>
    <Filter Include="01_Systems\Graphics\Fog">
      <UniqueIdentifier>{4271e6a1-d0ed-490c-8eb8-4b2bfc02f782}</UniqueIdentifier>
    </Filter>
    <Filter Include="01_Systems\Graphics\Shaders">
      <UniqueIdentifier>{a1c05095-2191-4935-b831-28a85c449c3e}</UniqueIdentifier>
    </Filter>
    <Filter Include="01_Systems\Graphics\Clip Plane">
      <UniqueIdentifier>{3e152456-ca1c-497f-bc00-4269696a980e}</UniqueIdentifier>
    </Filter>
    <Filter Include="01_Systems\Graphics\Text">
      <UniqueIdentifier>{df3cc586-425d-4bdd-b020-b58318bda800}</UniqueIdentifier>
    </Filter>
    <Filter Include="02_GameLogic\ActivationProperties">
      <UniqueIdentifier>{df1cc382-811d-4055-a690-f33f898f1b28}</UniqueIdentifier>
    </Filter>
    <Filter Include="02_GameLogic\ObjectActivator">
      <UniqueIdentifier>{e918774d-3986-44c3-ade5-9090d90b7915}</UniqueIdentifier>
    </Filter>
    <Filter Include="02_GameLogic\ObjectPairing">
      <UniqueIdentifier>{ad47584d-34b1-4960-bd50-a0b0c7153c13}</UniqueIdentifier>
    </Filter>
    <Filter Include="01_Systems\Graphics\Transparency">
      <UniqueIdentifier>{88fa83f4-82e2-49d4-b8e4-2f6970c7ecb0}</UniqueIdentifier>
    </Filter>
    <Filter Include="01_Systems\Graphics\Lighting">
      <UniqueIdentifier>{ff1319c9-6c6f-4495-95d5-04690dd22a16}</UniqueIdentifier>
    </Filter>
    <Filter Include="02_GameLogic\BoomBoom">
      <UniqueIdentifier>{3952a383-7eed-47b9-973f-3f2a831c6245}</UniqueIdentifier>
    </Filter>
    <Filter Include="02_GameLogic\Magnet">
      <UniqueIdentifier>{4710c336-efaa-4129-8592-c0c7390a3b4e}</UniqueIdentifier>
    </Filter>
    <Filter Include="02_GameLogic\PowerGun">
      <UniqueIdentifier>{7dcf29aa-1f59-4ab8-b197-4d5be33a95d8}</UniqueIdentifier>
    </Filter>
    <Filter Include="01_Systems\Graphics\Fade">
      <UniqueIdentifier>{8deed574-bf02-4ab1-96a2-43182da4fe45}</UniqueIdentifier>
    </Filter>
    <Filter Include="01_Systems\Graphics\Texture Shading">
      <UniqueIdentifier>{814f7ead-5465-44c9-b667-7dfb8ff48164}</UniqueIdentifier>
    </Filter>
    <Filter Include="02_GameLogic\Hero">
      <UniqueIdentifier>{84ea2e2c-587f-4601-ac1e-e39c26694ecb}</UniqueIdentifier>
    </Filter>
    <Filter Include="02_GameLogic\GravityGun">
      <UniqueIdentifier>{bd6e4dd8-d868-4d6c-9d4e-a9f8f9bfa914}</UniqueIdentifier>
    </Filter>
    <Filter Include="01_Systems\Graphics\Shadow Maps">
      <UniqueIdentifier>{f927c671-3419-428f-96d2-c039b2f9d763}</UniqueIdentifier>
    </Filter>
  </ItemGroup>
  <ItemGroup>
    <ClCompile Include="source\Physics.cpp">
      <Filter>01_Systems\Physics\System</Filter>
    </ClCompile>
    <ClCompile Include="source\Body.cpp">
      <Filter>01_Systems\Physics\Dynamics</Filter>
    </ClCompile>
    <ClCompile Include="source\Resolution.cpp">
      <Filter>01_Systems\Physics\Dynamics</Filter>
    </ClCompile>
    <ClCompile Include="source\Collision.cpp">
      <Filter>01_Systems\Physics\Collision</Filter>
    </ClCompile>
    <ClCompile Include="source\WindowsSystem.cpp">
      <Filter>01_Systems\Windows</Filter>
    </ClCompile>
    <ClCompile Include="source\Precompiled.cpp">
      <Filter>07_Precompiled</Filter>
    </ClCompile>
    <ClCompile Include="source\Composition.cpp">
      <Filter>00_BaseEngine\Composition</Filter>
    </ClCompile>
    <ClCompile Include="source\Core.cpp">
      <Filter>00_BaseEngine\Core</Filter>
    </ClCompile>
    <ClCompile Include="source\Factory.cpp">
      <Filter>00_BaseEngine\Factory</Filter>
    </ClCompile>
    <ClCompile Include="source\FilePath.cpp">
      <Filter>00_BaseEngine\File</Filter>
    </ClCompile>
    <ClCompile Include="source\TextSerialization.cpp">
      <Filter>00_BaseEngine\Serialization</Filter>
    </ClCompile>
    <ClCompile Include="source\Transform.cpp">
      <Filter>01_Systems\Graphics\Transform</Filter>
    </ClCompile>
    <ClCompile Include="source\main.cpp">
      <Filter>08_Main</Filter>
    </ClCompile>
    <ClCompile Include="source\XMLSerialization.cpp">
      <Filter>00_BaseEngine\Serialization</Filter>
    </ClCompile>
    <ClCompile Include="source\Utility.cpp">
      <Filter>10_Utility</Filter>
    </ClCompile>
    <ClCompile Include="source\Archetype.cpp">
      <Filter>00_BaseEngine\Factory</Filter>
    </ClCompile>
    <ClCompile Include="source\Audio.cpp">
      <Filter>01_Systems\Sound</Filter>
    </ClCompile>
    <ClCompile Include="source\StoreMessage.cpp">
      <Filter>00_BaseEngine\Composition</Filter>
    </ClCompile>
    <ClCompile Include="source\LoadLevelClass.cpp">
      <Filter>03_Levels</Filter>
    </ClCompile>
    <ClCompile Include="source\GSM.cpp">
      <Filter>00_BaseEngine\Core</Filter>
    </ClCompile>
    <ClCompile Include="source\BasicLevels.cpp">
      <Filter>00_BaseEngine\Core</Filter>
    </ClCompile>
    <ClCompile Include="source\Level_1.cpp">
      <Filter>03_Levels</Filter>
    </ClCompile>
    <ClCompile Include="source\Level_2.cpp">
      <Filter>03_Levels</Filter>
    </ClCompile>
    <ClCompile Include="source\GameData.cpp">
      <Filter>02_GameLogic</Filter>
    </ClCompile>
    <ClCompile Include="source\GameLogic.cpp">
      <Filter>02_GameLogic</Filter>
    </ClCompile>
    <ClCompile Include="source\DebugTools.cpp">
      <Filter>00_BaseEngine\Debug</Filter>
    </ClCompile>
    <ClCompile Include="source\DebugPrint.cpp">
      <Filter>00_BaseEngine\Debug</Filter>
    </ClCompile>
    <ClCompile Include="source\DebugDraw.cpp">
      <Filter>00_BaseEngine\Debug</Filter>
    </ClCompile>
    <ClCompile Include="source\debugGeometry.cpp">
      <Filter>00_BaseEngine\Debug</Filter>
    </ClCompile>
    <ClCompile Include="source\cameraclass.cpp">
      <Filter>01_Systems\Graphics\System</Filter>
    </ClCompile>
    <ClCompile Include="source\d3dclass.cpp">
      <Filter>01_Systems\Graphics\System</Filter>
    </ClCompile>
    <ClCompile Include="source\Graphics.cpp">
      <Filter>01_Systems\Graphics</Filter>
    </ClCompile>
    <ClCompile Include="source\bitmapclass.cpp">
      <Filter>01_Systems\Graphics\Bitmap</Filter>
    </ClCompile>
    <ClCompile Include="source\ModelComponent.cpp">
      <Filter>01_Systems\Graphics\Model</Filter>
    </ClCompile>
    <ClCompile Include="source\frustumclass.cpp">
      <Filter>01_Systems\Graphics\Frustum Culling</Filter>
    </ClCompile>
    <ClCompile Include="source\colorshaderclass.cpp">
      <Filter>01_Systems\Graphics\DrawLine</Filter>
    </ClCompile>
    <ClCompile Include="source\texturearrayclass.cpp">
      <Filter>01_Systems\Graphics\Multitexturing</Filter>
    </ClCompile>
    <ClCompile Include="source\multitextureshaderclass.cpp">
      <Filter>01_Systems\Graphics\Multitexturing</Filter>
    </ClCompile>
    <ClCompile Include="source\Vector3.cpp">
      <Filter>01_Systems\Physics\math\source files</Filter>
    </ClCompile>
    <ClCompile Include="source\Matrix3.cpp">
      <Filter>01_Systems\Physics\math\source files</Filter>
    </ClCompile>
    <ClCompile Include="source\Matrix4.cpp">
      <Filter>01_Systems\Physics\math\source files</Filter>
    </ClCompile>
    <ClCompile Include="source\Quaternion.cpp">
      <Filter>01_Systems\Physics\math\source files</Filter>
    </ClCompile>
    <ClCompile Include="source\Collisions.cpp">
      <Filter>01_Systems\Physics\Rigid Body Physics\Source files</Filter>
    </ClCompile>
    <ClCompile Include="source\ForceGenerator.cpp">
      <Filter>01_Systems\Physics\Rigid Body Physics\Source files</Filter>
    </ClCompile>
    <ClCompile Include="source\Contacts.cpp">
      <Filter>01_Systems\Physics\Rigid Body Physics\Source files</Filter>
    </ClCompile>
    <ClCompile Include="source\RigidBody.cpp">
      <Filter>01_Systems\Physics\Rigid Body Physics\Source files</Filter>
    </ClCompile>
    <ClCompile Include="source\Particle.cpp">
      <Filter>01_Systems\Physics\Particle Physics\source files</Filter>
    </ClCompile>
    <ClCompile Include="source\ParticleWorld.cpp">
      <Filter>01_Systems\Physics\Particle Physics\source files</Filter>
    </ClCompile>
    <ClCompile Include="source\ParticleContacts.cpp">
      <Filter>01_Systems\Physics\Particle Physics\source files</Filter>
    </ClCompile>
    <ClCompile Include="source\ParticleForceGenerator.cpp">
      <Filter>01_Systems\Physics\Particle Physics\source files</Filter>
    </ClCompile>
    <ClCompile Include="source\ParticleLinks.cpp">
      <Filter>01_Systems\Physics\Particle Physics\source files</Filter>
    </ClCompile>
    <ClCompile Include="source\lightmapshaderclass.cpp">
      <Filter>01_Systems\Graphics\Light Maps</Filter>
    </ClCompile>
    <ClCompile Include="source\alphamapshaderclass.cpp">
      <Filter>01_Systems\Graphics\Alpha Blending</Filter>
    </ClCompile>
    <ClCompile Include="source\bumpmapshaderclass.cpp">
      <Filter>01_Systems\Graphics\Bump Maps</Filter>
    </ClCompile>
    <ClCompile Include="source\LineDrawer .cpp">
      <Filter>01_Systems\Graphics\System</Filter>
    </ClCompile>
    <ClCompile Include="source\lightclass.cpp">
      <Filter>01_Systems\Graphics\Lighting</Filter>
    </ClCompile>
    <ClCompile Include="source\lightshaderclass.cpp">
      <Filter>01_Systems\Graphics\Lighting</Filter>
    </ClCompile>
    <ClCompile Include="source\AnimateShaderClass.cpp">
      <Filter>01_Systems\Graphics\Animation</Filter>
    </ClCompile>
    <ClCompile Include="source\Animation.cpp">
      <Filter>01_Systems\Graphics\Animation</Filter>
    </ClCompile>
    <ClCompile Include="source\FileRW.cpp">
      <Filter>10_Utility</Filter>
    </ClCompile>
    <ClCompile Include="source\specmapshaderclass.cpp">
      <Filter>01_Systems\Graphics\Specular Maps</Filter>
    </ClCompile>
    <ClCompile Include="source\debugwindowclass.cpp">
      <Filter>01_Systems\Graphics\Render to Texture</Filter>
    </ClCompile>
    <ClCompile Include="source\rendertextureclass.cpp">
      <Filter>01_Systems\Graphics\Render to Texture</Filter>
    </ClCompile>
    <ClCompile Include="source\GraphicsAssetsLoader.cpp">
      <Filter>01_Systems\Graphics\GraphicsAssetsLoader</Filter>
    </ClCompile>
    <ClCompile Include="source\fogshaderclass.cpp">
      <Filter>01_Systems\Graphics\Fog</Filter>
    </ClCompile>
    <ClCompile Include="source\clipplaneshaderclass.cpp">
      <Filter>01_Systems\Graphics\Clip Plane</Filter>
    </ClCompile>
    <ClCompile Include="source\fontclass.cpp">
      <Filter>01_Systems\Graphics\Text</Filter>
    </ClCompile>
    <ClCompile Include="source\fontshaderclass.cpp">
      <Filter>01_Systems\Graphics\Text</Filter>
    </ClCompile>
    <ClCompile Include="source\textclass.cpp">
      <Filter>01_Systems\Graphics\Text</Filter>
    </ClCompile>
    <ClCompile Include="source\ActivationProperties.cpp">
      <Filter>02_GameLogic\ActivationProperties</Filter>
    </ClCompile>
    <ClCompile Include="source\ObjectActivator.cpp">
      <Filter>02_GameLogic\ObjectActivator</Filter>
    </ClCompile>
    <ClCompile Include="source\SaveLevelClass.cpp">
      <Filter>03_Levels</Filter>
    </ClCompile>
    <ClCompile Include="source\transparentshaderclass.cpp">
      <Filter>01_Systems\Graphics\Transparency</Filter>
    </ClCompile>
    <ClCompile Include="source\BoomBoom.cpp">
      <Filter>02_GameLogic\BoomBoom</Filter>
    </ClCompile>
    <ClCompile Include="source\Magnet.cpp">
      <Filter>02_GameLogic\Magnet</Filter>
    </ClCompile>
    <ClCompile Include="source\PowerGun.cpp">
      <Filter>02_GameLogic\PowerGun</Filter>
    </ClCompile>
    <ClCompile Include="source\Connector.cpp">
      <Filter>02_GameLogic\ObjectPairing</Filter>
    </ClCompile>
    <ClCompile Include="source\fadeshaderclass.cpp">
      <Filter>01_Systems\Graphics\Fade</Filter>
    </ClCompile>
    <ClCompile Include="source\timerclass.cpp">
      <Filter>01_Systems\Graphics\Fade</Filter>
    </ClCompile>
    <ClCompile Include="source\rendertexturebitmapclass.cpp">
      <Filter>01_Systems\Graphics\Fade</Filter>
    </ClCompile>
    <ClCompile Include="source\GraphicsInitialize.cpp">
      <Filter>01_Systems\Graphics</Filter>
    </ClCompile>
    <ClCompile Include="source\GraphicsUpdate.cpp">
      <Filter>01_Systems\Graphics</Filter>
    </ClCompile>
    <ClCompile Include="source\ModelClassTangent.cpp">
      <Filter>01_Systems\Graphics\Bump Maps</Filter>
    </ClCompile>
    <ClCompile Include="source\ModelClass.cpp">
      <Filter>01_Systems\Graphics\Model</Filter>
    </ClCompile>
    <ClCompile Include="source\ModelClassBinary.cpp">
      <Filter>01_Systems\Graphics\Model</Filter>
    </ClCompile>
    <ClCompile Include="source\textureshaderclass.cpp">
      <Filter>01_Systems\Graphics\Texture Shading</Filter>
    </ClCompile>
    <ClCompile Include="source\Hero.cpp">
      <Filter>02_GameLogic\Hero</Filter>
    </ClCompile>
    <ClCompile Include="source\GravityGun.cpp">
      <Filter>02_GameLogic\GravityGun</Filter>
    </ClCompile>
    <ClCompile Include="source\depthshaderclass.cpp">
      <Filter>01_Systems\Graphics\Shadow Maps</Filter>
    </ClCompile>
    <ClCompile Include="source\Level_3.cpp">
      <Filter>03_Levels</Filter>
    </ClCompile>
    <ClCompile Include="source\Integration.cpp" />
  </ItemGroup>
  <ItemGroup>
    <ClInclude Include="source\Physics.h">
      <Filter>01_Systems\Physics\System</Filter>
    </ClInclude>
    <ClInclude Include="source\Body.h">
      <Filter>01_Systems\Physics\Dynamics</Filter>
    </ClInclude>
    <ClInclude Include="source\Resolution.h">
      <Filter>01_Systems\Physics\Dynamics</Filter>
    </ClInclude>
    <ClInclude Include="source\Collision.h">
      <Filter>01_Systems\Physics\Collision</Filter>
    </ClInclude>
    <ClInclude Include="source\WindowsSystem.h">
      <Filter>01_Systems\Windows</Filter>
    </ClInclude>
    <ClInclude Include="source\Precompiled.h">
      <Filter>07_Precompiled</Filter>
    </ClInclude>
    <ClInclude Include="source\Component.h">
      <Filter>00_BaseEngine\Composition</Filter>
    </ClInclude>
    <ClInclude Include="source\Composition.h">
      <Filter>00_BaseEngine\Composition</Filter>
    </ClInclude>
    <ClInclude Include="source\Core.h">
      <Filter>00_BaseEngine\Core</Filter>
    </ClInclude>
    <ClInclude Include="source\ComponentTypeIds.h">
      <Filter>00_BaseEngine\Engine</Filter>
    </ClInclude>
    <ClInclude Include="source\Engine.h">
      <Filter>00_BaseEngine\Engine</Filter>
    </ClInclude>
    <ClInclude Include="source\Message.h">
      <Filter>00_BaseEngine\Engine</Filter>
    </ClInclude>
    <ClInclude Include="source\System.h">
      <Filter>00_BaseEngine\Engine</Filter>
    </ClInclude>
    <ClInclude Include="source\Factory.h">
      <Filter>00_BaseEngine\Factory</Filter>
    </ClInclude>
    <ClInclude Include="source\FilePath.h">
      <Filter>00_BaseEngine\File</Filter>
    </ClInclude>
    <ClInclude Include="source\Serialization.h">
      <Filter>00_BaseEngine\Serialization</Filter>
    </ClInclude>
    <ClInclude Include="source\TextSerialization.h">
      <Filter>00_BaseEngine\Serialization</Filter>
    </ClInclude>
    <ClInclude Include="source\Transform.h">
      <Filter>01_Systems\Graphics\Transform</Filter>
    </ClInclude>
    <ClInclude Include="source\Containers.h">
      <Filter>00_BaseEngine\Headers</Filter>
    </ClInclude>
    <ClInclude Include="source\ObjectLinkedList.h">
      <Filter>00_BaseEngine\Headers</Filter>
    </ClInclude>
    <ClInclude Include="source\VMath.h">
      <Filter>00_BaseEngine\Headers</Filter>
    </ClInclude>
    <ClInclude Include="source\WindowsIncludes.h">
      <Filter>00_BaseEngine\Headers</Filter>
    </ClInclude>
    <ClInclude Include="source\rapidxml.hpp">
      <Filter>00_BaseEngine\Serialization\RapidXML</Filter>
    </ClInclude>
    <ClInclude Include="source\rapidxml_iterators.hpp">
      <Filter>00_BaseEngine\Serialization\RapidXML</Filter>
    </ClInclude>
    <ClInclude Include="source\rapidxml_print.hpp">
      <Filter>00_BaseEngine\Serialization\RapidXML</Filter>
    </ClInclude>
    <ClInclude Include="source\rapidxml_utils.hpp">
      <Filter>00_BaseEngine\Serialization\RapidXML</Filter>
    </ClInclude>
    <ClInclude Include="source\XMLSerialization.h">
      <Filter>00_BaseEngine\Serialization</Filter>
    </ClInclude>
    <ClInclude Include="source\Utility.h">
      <Filter>10_Utility</Filter>
    </ClInclude>
    <ClInclude Include="source\Archetype.h">
      <Filter>00_BaseEngine\Factory</Filter>
    </ClInclude>
    <ClInclude Include="source\binaryIO.h">
      <Filter>00_BaseEngine\File</Filter>
    </ClInclude>
    <ClInclude Include="source\Audio.h">
      <Filter>01_Systems\Sound</Filter>
    </ClInclude>
    <ClInclude Include="source\StoreMessage.h">
      <Filter>00_BaseEngine\Composition</Filter>
    </ClInclude>
    <ClInclude Include="source\LoadLevelClass.h">
      <Filter>03_Levels</Filter>
    </ClInclude>
    <ClInclude Include="source\GSM.h">
      <Filter>00_BaseEngine\Core</Filter>
    </ClInclude>
    <ClInclude Include="source\ILevel.h">
      <Filter>00_BaseEngine\Core</Filter>
    </ClInclude>
    <ClInclude Include="source\BasicLevels.h">
      <Filter>00_BaseEngine\Core</Filter>
    </ClInclude>
    <ClInclude Include="source\Level_1.h">
      <Filter>03_Levels</Filter>
    </ClInclude>
    <ClInclude Include="source\Level_2.h">
      <Filter>03_Levels</Filter>
    </ClInclude>
    <ClInclude Include="source\GameData.h">
      <Filter>02_GameLogic</Filter>
    </ClInclude>
    <ClInclude Include="source\GameLogic.h">
      <Filter>02_GameLogic</Filter>
    </ClInclude>
    <ClInclude Include="source\ComponentCreator.h">
      <Filter>00_BaseEngine\Composition</Filter>
    </ClInclude>
    <ClInclude Include="source\DebugDiagnostic.h">
      <Filter>00_BaseEngine\Debug</Filter>
    </ClInclude>
    <ClInclude Include="source\DebugTools.h">
      <Filter>00_BaseEngine\Debug</Filter>
    </ClInclude>
    <ClInclude Include="source\DebugPrint.h">
      <Filter>00_BaseEngine\Debug</Filter>
    </ClInclude>
    <ClInclude Include="source\DebugDraw.h">
      <Filter>00_BaseEngine\Debug</Filter>
    </ClInclude>
    <ClInclude Include="source\debugGeometry.h">
      <Filter>00_BaseEngine\Debug</Filter>
    </ClInclude>
    <ClInclude Include="source\cameraclass.h">
      <Filter>01_Systems\Graphics\System</Filter>
    </ClInclude>
    <ClInclude Include="source\d3dclass.h">
      <Filter>01_Systems\Graphics\System</Filter>
    </ClInclude>
    <ClInclude Include="source\DirectXIncludes.h">
      <Filter>01_Systems\Graphics\System</Filter>
    </ClInclude>
    <ClInclude Include="source\Graphics.h">
      <Filter>01_Systems\Graphics</Filter>
    </ClInclude>
    <ClInclude Include="source\bitmapclass.h">
      <Filter>01_Systems\Graphics\Bitmap</Filter>
    </ClInclude>
    <ClInclude Include="source\ModelComponent.h">
      <Filter>01_Systems\Graphics\Model</Filter>
    </ClInclude>
    <ClInclude Include="source\frustumclass.h">
      <Filter>01_Systems\Graphics\Frustum Culling</Filter>
    </ClInclude>
    <ClInclude Include="source\colorshaderclass.h">
      <Filter>01_Systems\Graphics\DrawLine</Filter>
    </ClInclude>
    <ClInclude Include="source\ComponentTypeIdsName.h">
      <Filter>00_BaseEngine\Engine</Filter>
    </ClInclude>
    <ClInclude Include="source\CompositionTypeIdsName.h">
      <Filter>00_BaseEngine\Engine</Filter>
    </ClInclude>
    <ClInclude Include="source\multitextureshaderclass.h">
      <Filter>01_Systems\Graphics\Multitexturing</Filter>
    </ClInclude>
    <ClInclude Include="source\texturearrayclass.h">
      <Filter>01_Systems\Graphics\Multitexturing</Filter>
    </ClInclude>
    <ClInclude Include="source\Matrix3.h">
      <Filter>01_Systems\Physics\math\header files</Filter>
    </ClInclude>
    <ClInclude Include="source\Matrix4.h">
      <Filter>01_Systems\Physics\math\header files</Filter>
    </ClInclude>
    <ClInclude Include="source\PhysicsMath.h">
      <Filter>01_Systems\Physics\math\header files</Filter>
    </ClInclude>
    <ClInclude Include="source\Precision.h">
      <Filter>01_Systems\Physics\math\header files</Filter>
    </ClInclude>
    <ClInclude Include="source\Quaternion.h">
      <Filter>01_Systems\Physics\math\header files</Filter>
    </ClInclude>
    <ClInclude Include="source\Vector3.h">
      <Filter>01_Systems\Physics\math\header files</Filter>
    </ClInclude>
    <ClInclude Include="source\Collisions.h">
      <Filter>01_Systems\Physics\Rigid Body Physics\header files</Filter>
    </ClInclude>
    <ClInclude Include="source\Contacts.h">
      <Filter>01_Systems\Physics\Rigid Body Physics\header files</Filter>
    </ClInclude>
    <ClInclude Include="source\ForceGenerator.h">
      <Filter>01_Systems\Physics\Rigid Body Physics\header files</Filter>
    </ClInclude>
    <ClInclude Include="source\RigidBody.h">
      <Filter>01_Systems\Physics\Rigid Body Physics\header files</Filter>
    </ClInclude>
    <ClInclude Include="source\Particle.h">
      <Filter>01_Systems\Physics\Particle Physics\header files</Filter>
    </ClInclude>
    <ClInclude Include="source\ParticleContacts.h">
      <Filter>01_Systems\Physics\Particle Physics\header files</Filter>
    </ClInclude>
    <ClInclude Include="source\ParticleForceGenerator.h">
      <Filter>01_Systems\Physics\Particle Physics\header files</Filter>
    </ClInclude>
    <ClInclude Include="source\ParticleLinks.h">
      <Filter>01_Systems\Physics\Particle Physics\header files</Filter>
    </ClInclude>
    <ClInclude Include="source\ParticleWorld.h">
      <Filter>01_Systems\Physics\Particle Physics\header files</Filter>
    </ClInclude>
    <ClInclude Include="source\lightmapshaderclass.h">
      <Filter>01_Systems\Graphics\Light Maps</Filter>
    </ClInclude>
    <ClInclude Include="source\alphamapshaderclass.h">
      <Filter>01_Systems\Graphics\Alpha Blending</Filter>
    </ClInclude>
    <ClInclude Include="source\bumpmapshaderclass.h">
      <Filter>01_Systems\Graphics\Bump Maps</Filter>
    </ClInclude>
    <ClInclude Include="source\LineDrawer.h">
      <Filter>01_Systems\Graphics\System</Filter>
    </ClInclude>
    <ClInclude Include="source\Asset.hpp">
      <Filter>01_Systems\Graphics\Header</Filter>
    </ClInclude>
    <ClInclude Include="source\VertexTypes.h">
      <Filter>01_Systems\Graphics\Header</Filter>
    </ClInclude>
    <ClInclude Include="source\ChunkReader.h">
      <Filter>01_Systems\Graphics\Header</Filter>
    </ClInclude>
    <ClInclude Include="source\FileElements.hpp">
      <Filter>01_Systems\Graphics\Header</Filter>
    </ClInclude>
    <ClInclude Include="source\lightshaderclass.h">
      <Filter>01_Systems\Graphics\Lighting</Filter>
    </ClInclude>
    <ClInclude Include="source\lightclass.h">
      <Filter>01_Systems\Graphics\Lighting</Filter>
    </ClInclude>
    <ClInclude Include="source\Animation.h">
      <Filter>01_Systems\Graphics\Animation</Filter>
    </ClInclude>
    <ClInclude Include="source\AnimateShaderClass.h">
      <Filter>01_Systems\Graphics\Animation</Filter>
    </ClInclude>
    <ClInclude Include="source\FunctionBind.h">
      <Filter>04_Common</Filter>
    </ClInclude>
    <ClInclude Include="source\ReturnCodes.h">
      <Filter>04_Common</Filter>
    </ClInclude>
    <ClInclude Include="source\ReturnNames.h">
      <Filter>04_Common</Filter>
    </ClInclude>
    <ClInclude Include="source\Variant.h">
      <Filter>04_Common</Filter>
    </ClInclude>
    <ClInclude Include="source\FileRW.h">
      <Filter>10_Utility</Filter>
    </ClInclude>
    <ClInclude Include="source\Singleton.h">
      <Filter>04_Common</Filter>
    </ClInclude>
    <ClInclude Include="source\specmapshaderclass.h">
      <Filter>01_Systems\Graphics\Specular Maps</Filter>
    </ClInclude>
    <ClInclude Include="source\debugwindowclass.h">
      <Filter>01_Systems\Graphics\Render to Texture</Filter>
    </ClInclude>
    <ClInclude Include="source\rendertextureclass.h">
      <Filter>01_Systems\Graphics\Render to Texture</Filter>
    </ClInclude>
    <ClInclude Include="source\GraphicsAssetsLoader.h">
      <Filter>01_Systems\Graphics\GraphicsAssetsLoader</Filter>
    </ClInclude>
    <ClInclude Include="source\fogshaderclass.h">
      <Filter>01_Systems\Graphics\Fog</Filter>
    </ClInclude>
    <ClInclude Include="source\clipplaneshaderclass.h">
      <Filter>01_Systems\Graphics\Clip Plane</Filter>
    </ClInclude>
    <ClInclude Include="source\fontclass.h">
      <Filter>01_Systems\Graphics\Text</Filter>
    </ClInclude>
    <ClInclude Include="source\fontshaderclass.h">
      <Filter>01_Systems\Graphics\Text</Filter>
    </ClInclude>
    <ClInclude Include="source\textclass.h">
      <Filter>01_Systems\Graphics\Text</Filter>
    </ClInclude>
    <ClInclude Include="source\ActivationProperties.h">
      <Filter>02_GameLogic\ActivationProperties</Filter>
    </ClInclude>
    <ClInclude Include="source\ObjectActivator.h">
      <Filter>02_GameLogic\ObjectActivator</Filter>
    </ClInclude>
    <ClInclude Include="source\SaveLevelClass.h">
      <Filter>03_Levels</Filter>
    </ClInclude>
    <ClInclude Include="source\ModelInfo.h">
      <Filter>01_Systems\Graphics\GraphicsAssetsLoader</Filter>
    </ClInclude>
    <ClInclude Include="source\transparentshaderclass.h">
      <Filter>01_Systems\Graphics\Transparency</Filter>
    </ClInclude>
    <ClInclude Include="source\BoomBoom.h">
      <Filter>02_GameLogic\BoomBoom</Filter>
    </ClInclude>
    <ClInclude Include="source\Magnet.h">
      <Filter>02_GameLogic\Magnet</Filter>
    </ClInclude>
    <ClInclude Include="source\PowerGun.h">
      <Filter>02_GameLogic\PowerGun</Filter>
    </ClInclude>
    <ClInclude Include="source\Connector.h">
      <Filter>02_GameLogic\ObjectPairing</Filter>
    </ClInclude>
    <ClInclude Include="source\fadeshaderclass.h">
      <Filter>01_Systems\Graphics\Fade</Filter>
    </ClInclude>
    <ClInclude Include="source\timerclass.h">
      <Filter>01_Systems\Graphics\Fade</Filter>
    </ClInclude>
    <ClInclude Include="source\rendertexturebitmapclass.h">
      <Filter>01_Systems\Graphics\Fade</Filter>
    </ClInclude>
    <ClInclude Include="source\ModelClassTangent.h">
      <Filter>01_Systems\Graphics\Bump Maps</Filter>
    </ClInclude>
    <ClInclude Include="source\ModelClass.h">
      <Filter>01_Systems\Graphics\Model</Filter>
    </ClInclude>
    <ClInclude Include="source\ModelClassBinary.h">
      <Filter>01_Systems\Graphics\Model</Filter>
    </ClInclude>
    <ClInclude Include="source\textureshaderclass.h">
      <Filter>01_Systems\Graphics\Texture Shading</Filter>
    </ClInclude>
    <ClInclude Include="source\Hero.h">
      <Filter>02_GameLogic\Hero</Filter>
    </ClInclude>
    <ClInclude Include="source\GravityGun.h">
      <Filter>02_GameLogic\GravityGun</Filter>
    </ClInclude>
    <ClInclude Include="source\depthshaderclass.h">
      <Filter>01_Systems\Graphics\Shadow Maps</Filter>
    </ClInclude>
    <ClInclude Include="source\Integration.h" />
    <ClInclude Include="source\Level_3.h">
      <Filter>03_Levels</Filter>
    </ClInclude>
  </ItemGroup>
  <ItemGroup>
    <None Include="Assets\textures\icon.ico" />
    <None Include="Shaders\light.ps">
      <Filter>01_Systems\Graphics\Shaders</Filter>
    </None>
    <None Include="Shaders\light.vs">
      <Filter>01_Systems\Graphics\Shaders</Filter>
    </None>
    <None Include="Shaders\animated.vs">
      <Filter>01_Systems\Graphics\Shaders</Filter>
    </None>
    <None Include="Shaders\color.vs">
      <Filter>01_Systems\Graphics\Shaders</Filter>
    </None>
    <None Include="Shaders\color.ps">
      <Filter>01_Systems\Graphics\Shaders</Filter>
    </None>
    <None Include="Shaders\multitexture.ps">
      <Filter>01_Systems\Graphics\Shaders</Filter>
    </None>
    <None Include="Shaders\multitexture.vs">
      <Filter>01_Systems\Graphics\Shaders</Filter>
    </None>
    <None Include="Shaders\lightmap.ps">
      <Filter>01_Systems\Graphics\Shaders</Filter>
    </None>
    <None Include="Shaders\lightmap.vs">
      <Filter>01_Systems\Graphics\Shaders</Filter>
    </None>
    <None Include="Shaders\alphamap.vs">
      <Filter>01_Systems\Graphics\Shaders</Filter>
    </None>
    <None Include="Shaders\alphamap.ps">
      <Filter>01_Systems\Graphics\Shaders</Filter>
    </None>
    <None Include="Shaders\bumpmap.ps">
      <Filter>01_Systems\Graphics\Shaders</Filter>
    </None>
    <None Include="Shaders\bumpmap.vs">
      <Filter>01_Systems\Graphics\Shaders</Filter>
    </None>
    <None Include="Shaders\specmap.ps">
      <Filter>01_Systems\Graphics\Shaders</Filter>
    </None>
    <None Include="Shaders\specmap.vs">
      <Filter>01_Systems\Graphics\Shaders</Filter>
    </None>
    <None Include="Shaders\fog.ps">
      <Filter>01_Systems\Graphics\Shaders</Filter>
    </None>
    <None Include="Shaders\fog.vs">
      <Filter>01_Systems\Graphics\Shaders</Filter>
    </None>
    <None Include="Shaders\clipplane.ps">
      <Filter>01_Systems\Graphics\Shaders</Filter>
    </None>
    <None Include="Shaders\clipplane.vs">
      <Filter>01_Systems\Graphics\Shaders</Filter>
    </None>
    <None Include="Shaders\font.ps">
      <Filter>01_Systems\Graphics\Shaders</Filter>
    </None>
    <None Include="Shaders\font.vs">
      <Filter>01_Systems\Graphics\Shaders</Filter>
    </None>
    <None Include="Shaders\transparent.ps">
      <Filter>01_Systems\Graphics\Shaders</Filter>
    </None>
    <None Include="Shaders\transparent.vs">
      <Filter>01_Systems\Graphics\Shaders</Filter>
    </None>
    <None Include="Shaders\fade.ps">
      <Filter>01_Systems\Graphics\Shaders</Filter>
    </None>
    <None Include="Shaders\fade.vs">
      <Filter>01_Systems\Graphics\Shaders</Filter>
    </None>
    <None Include="Shaders\texture.ps">
      <Filter>01_Systems\Graphics\Shaders</Filter>
    </None>
    <None Include="Shaders\texture.vs">
      <Filter>01_Systems\Graphics\Shaders</Filter>
    </None>
    <None Include="Objects\arch_Bridge.xml">
      <Filter>09_Objects</Filter>
    </None>
    <None Include="Objects\arch_Button1.xml">
      <Filter>09_Objects</Filter>
    </None>
    <None Include="Objects\arch_Cube.xml">
      <Filter>09_Objects</Filter>
    </None>
    <None Include="Objects\arch_Floor.xml">
      <Filter>09_Objects</Filter>
    </None>
    <None Include="Objects\arch_NonRotatingCube.xml">
      <Filter>09_Objects</Filter>
    </None>
    <None Include="Objects\arch_Quad.xml">
      <Filter>09_Objects</Filter>
    </None>
    <None Include="Objects\arch_Sphere.xml">
      <Filter>09_Objects</Filter>
    </None>
    <None Include="Objects\arch_Wall.xml">
      <Filter>09_Objects</Filter>
    </None>
    <None Include="Objects\arch_Wall_Sellectable.xml">
      <Filter>09_Objects</Filter>
    </None>
    <None Include="Objects\gameSettings.xml">
      <Filter>09_Objects</Filter>
    </None>
    <None Include="Objects\Level_0.xml">
      <Filter>09_Objects</Filter>
    </None>
    <None Include="Assets\GraphicsAssets.xml">
      <Filter>09_Objects</Filter>
    </None>
    <None Include="Objects\arch_Hero.xml">
      <Filter>09_Objects</Filter>
    </None>
    <None Include="Objects\arch_Door1.xml">
      <Filter>09_Objects</Filter>
    </None>
    <None Include="Shaders\shadow.ps">
      <Filter>01_Systems\Graphics\Shaders</Filter>
    </None>
    <None Include="Shaders\shadow.vs">
      <Filter>01_Systems\Graphics\Shaders</Filter>
    </None>
    <None Include="Shaders\depth.ps">
      <Filter>01_Systems\Graphics\Shaders</Filter>
    </None>
    <None Include="Shaders\depth.vs">
      <Filter>01_Systems\Graphics\Shaders</Filter>
    </None>
    <None Include="Objects\arch_RK4.xml">
      <Filter>09_Objects</Filter>
    </None>
    <None Include="Objects\arch_semiImplicit.xml">
      <Filter>09_Objects</Filter>
    </None>
    <None Include="Objects\arch_Verlet.xml">
      <Filter>09_Objects</Filter>
    </None>
    <None Include="Objects\arch_explicit.xml">
      <Filter>09_Objects</Filter>
    </None>
    <None Include="Objects\arch_MIdPoint.xml">
      <Filter>09_Objects</Filter>
    </None>
    <None Include="README.txt" />
  </ItemGroup>
  <ItemGroup>
    <ResourceCompile Include="AlienEngine.rc" />
  </ItemGroup>
</Project>